
Microsoft Visual Studio Solution File, Format Version 11.00
# Visual Studio 2010
Project("{FAE04EC0-301F-11D3-BF4B-00C04F79EFBC}") = "Roguelike 2d", "Assembly-CSharp.csproj", "{F4A6A21B-D794-3176-76FE-8CE65D12A007}"
EndProject
Project("{FAE04EC0-301F-11D3-BF4B-00C04F79EFBC}") = "Roguelike 2d", "Assembly-CSharp-Editor.csproj", "{42CC55E3-860E-8436-3B20-CE2AA00F331C}"
EndProject
Global
	GlobalSection(SolutionConfigurationPlatforms) = preSolution
		Debug|Any CPU = Debug|Any CPU
		Release|Any CPU = Release|Any CPU
	EndGlobalSection
	GlobalSection(ProjectConfigurationPlatforms) = postSolution
		{F4A6A21B-D794-3176-76FE-8CE65D12A007}.Debug|Any CPU.ActiveCfg = Debug|Any CPU
		{F4A6A21B-D794-3176-76FE-8CE65D12A007}.Debug|Any CPU.Build.0 = Debug|Any CPU
		{F4A6A21B-D794-3176-76FE-8CE65D12A007}.Release|Any CPU.ActiveCfg = Release|Any CPU
		{F4A6A21B-D794-3176-76FE-8CE65D12A007}.Release|Any CPU.Build.0 = Release|Any CPU
		{42CC55E3-860E-8436-3B20-CE2AA00F331C}.Debug|Any CPU.ActiveCfg = Debug|Any CPU
		{42CC55E3-860E-8436-3B20-CE2AA00F331C}.Debug|Any CPU.Build.0 = Debug|Any CPU
		{42CC55E3-860E-8436-3B20-CE2AA00F331C}.Release|Any CPU.ActiveCfg = Release|Any CPU
		{42CC55E3-860E-8436-3B20-CE2AA00F331C}.Release|Any CPU.Build.0 = Release|Any CPU
	EndGlobalSection
	GlobalSection(SolutionProperties) = preSolution
		HideSolutionNode = FALSE
	EndGlobalSection
	GlobalSection(MonoDevelopProperties) = preSolution
		StartupItem = Assembly-CSharp.csproj
	EndGlobalSection
EndGlobal
